
Microsoft Visual Studio Solution File, Format Version 12.00
# Visual Studio 15
VisualStudioVersion = 15.0.28307.329
MinimumVisualStudioVersion = 10.0.40219.1
Project("{8BC9CEB8-8B4A-11D0-8D11-00A0C91BC942}") = "ToyVpn", "ToyVpn\ToyVpn.vcxproj", "{C612F6F5-70DA-43D3-9E59-1CC7DFE5C523}"
EndProject
Global
	GlobalSection(SolutionConfigurationPlatforms) = preSolution
		Debug|ARM = Debug|ARM
		Debug|x64 = Debug|x64
		Debug|x86 = Debug|x86
		Release|ARM = Release|ARM
		Release|x64 = Release|x64
		Release|x86 = Release|x86
	EndGlobalSection
	GlobalSection(ProjectConfigurationPlatforms) = postSolution
		{C612F6F5-70DA-43D3-9E59-1CC7DFE5C523}.Debug|ARM.ActiveCfg = Debug|ARM
		{C612F6F5-70DA-43D3-9E59-1CC7DFE5C523}.Debug|ARM.Build.0 = Debug|ARM
		{C612F6F5-70DA-43D3-9E59-1CC7DFE5C523}.Debug|ARM.Deploy.0 = Debug|ARM
		{C612F6F5-70DA-43D3-9E59-1CC7DFE5C523}.Debug|x64.ActiveCfg = Debug|x64
		{C612F6F5-70DA-43D3-9E59-1CC7DFE5C523}.Debug|x64.Build.0 = Debug|x64
		{C612F6F5-70DA-43D3-9E59-1CC7DFE5C523}.Debug|x64.Deploy.0 = Debug|x64
		{C612F6F5-70DA-43D3-9E59-1CC7DFE5C523}.Debug|x86.ActiveCfg = Debug|Win32
		{C612F6F5-70DA-43D3-9E59-1CC7DFE5C523}.Debug|x86.Build.0 = Debug|Win32
		{C612F6F5-70DA-43D3-9E59-1CC7DFE5C523}.Debug|x86.Deploy.0 = Debug|Win32
		{C612F6F5-70DA-43D3-9E59-1CC7DFE5C523}.Release|ARM.ActiveCfg = Release|ARM
		{C612F6F5-70DA-43D3-9E59-1CC7DFE5C523}.Release|ARM.Build.0 = Release|ARM
		{C612F6F5-70DA-43D3-9E59-1CC7DFE5C523}.Release|ARM.Deploy.0 = Release|ARM
		{C612F6F5-70DA-43D3-9E59-1CC7DFE5C523}.Release|x64.ActiveCfg = Release|x64
		{C612F6F5-70DA-43D3-9E59-1CC7DFE5C523}.Release|x64.Build.0 = Release|x64
		{C612F6F5-70DA-43D3-9E59-1CC7DFE5C523}.Release|x64.Deploy.0 = Release|x64
		{C612F6F5-70DA-43D3-9E59-1CC7DFE5C523}.Release|x86.ActiveCfg = Release|Win32
		{C612F6F5-70DA-43D3-9E59-1CC7DFE5C523}.Release|x86.Build.0 = Release|Win32
		{C612F6F5-70DA-43D3-9E59-1CC7DFE5C523}.Release|x86.Deploy.0 = Release|Win32
	EndGlobalSection
	GlobalSection(SolutionProperties) = preSolution
		HideSolutionNode = FALSE
	EndGlobalSection
	GlobalSection(ExtensibilityGlobals) = postSolution
		SolutionGuid = {CB878D72-0B43-4339-881C-29C453F972F8}
	EndGlobalSection
EndGlobal
